// !$*UTF8*$!
{
	archiveVersion = 1;
	classes = {
	};
	objectVersion = 56;
	objects = {

/* Begin PBXBuildFile section */
		62307CA72C8C070500DCBADC /* FlipPartyGameApp.swift in Sources */ = {isa = PBXBuildFile; fileRef = 62307CA62C8C070500DCBADC /* FlipPartyGameApp.swift */; };
		62307CA92C8C070500DCBADC /* ContentView.swift in Sources */ = {isa = PBXBuildFile; fileRef = 62307CA82C8C070500DCBADC /* ContentView.swift */; };
		62307CAB2C8C070600DCBADC /* Assets.xcassets in Resources */ = {isa = PBXBuildFile; fileRef = 62307CAA2C8C070600DCBADC /* Assets.xcassets */; };
		62307CAE2C8C070600DCBADC /* Preview Assets.xcassets in Resources */ = {isa = PBXBuildFile; fileRef = 62307CAD2C8C070600DCBADC /* Preview Assets.xcassets */; };
		62307CB62C8FD0D600DCBADC /* Card.swift in Sources */ = {isa = PBXBuildFile; fileRef = 62307CB52C8FD0D600DCBADC /* Card.swift */; };
		62307CBD2C8FE29300DCBADC /* CardView.swift in Sources */ = {isa = PBXBuildFile; fileRef = 62307CBC2C8FE29300DCBADC /* CardView.swift */; };
		62307CC02C90283C00DCBADC /* FrontView.swift in Sources */ = {isa = PBXBuildFile; fileRef = 62307CBF2C90283C00DCBADC /* FrontView.swift */; };
		62307CC22C9028F500DCBADC /* MiniFrontView.swift in Sources */ = {isa = PBXBuildFile; fileRef = 62307CC12C9028F500DCBADC /* MiniFrontView.swift */; };
		62307CC42C90293E00DCBADC /* BackView.swift in Sources */ = {isa = PBXBuildFile; fileRef = 62307CC32C90293E00DCBADC /* BackView.swift */; };
		62307CC72C902A6800DCBADC /* View.swift in Sources */ = {isa = PBXBuildFile; fileRef = 62307CC62C902A6800DCBADC /* View.swift */; };
		62307CC92C902AC700DCBADC /* Image.swift in Sources */ = {isa = PBXBuildFile; fileRef = 62307CC82C902AC700DCBADC /* Image.swift */; };
		625604FD2CB9985500C66D64 /* GiveViewModel.swift in Sources */ = {isa = PBXBuildFile; fileRef = 625604FC2CB9985500C66D64 /* GiveViewModel.swift */; };
		625605002CB9F84C00C66D64 /* CustomError.swift in Sources */ = {isa = PBXBuildFile; fileRef = 625604FF2CB9F84C00C66D64 /* CustomError.swift */; };
		625605022CBF177D00C66D64 /* Question.swift in Sources */ = {isa = PBXBuildFile; fileRef = 625605012CBF177D00C66D64 /* Question.swift */; };
		628775862C90B63300E7D8C3 /* RoomIDTextField.swift in Sources */ = {isa = PBXBuildFile; fileRef = 628775852C90B63300E7D8C3 /* RoomIDTextField.swift */; };
		6287758C2C98FE4100E7D8C3 /* ScrollingPicker.swift in Sources */ = {isa = PBXBuildFile; fileRef = 6287758B2C98FE4100E7D8C3 /* ScrollingPicker.swift */; };
		6287758E2C9A863B00E7D8C3 /* HomeView.swift in Sources */ = {isa = PBXBuildFile; fileRef = 6287758D2C9A863B00E7D8C3 /* HomeView.swift */; };
		628775902C9B580D00E7D8C3 /* JoinRoomView.swift in Sources */ = {isa = PBXBuildFile; fileRef = 6287758F2C9B580D00E7D8C3 /* JoinRoomView.swift */; };
		628775922C9B82AA00E7D8C3 /* JoinRoomViewModel.swift in Sources */ = {isa = PBXBuildFile; fileRef = 628775912C9B82AA00E7D8C3 /* JoinRoomViewModel.swift */; };
		628775942C9B8F1B00E7D8C3 /* WaitingRoomView.swift in Sources */ = {isa = PBXBuildFile; fileRef = 628775932C9B8F1B00E7D8C3 /* WaitingRoomView.swift */; };
		628775962C9B949000E7D8C3 /* User.swift in Sources */ = {isa = PBXBuildFile; fileRef = 628775952C9B949000E7D8C3 /* User.swift */; };
		628775982C9BC2A500E7D8C3 /* Button.swift in Sources */ = {isa = PBXBuildFile; fileRef = 628775972C9BC2A500E7D8C3 /* Button.swift */; };
		6287759A2CABBB1C00E7D8C3 /* GuessingView.swift in Sources */ = {isa = PBXBuildFile; fileRef = 628775992CABBB1C00E7D8C3 /* GuessingView.swift */; };
		6287759C2CADEA5B00E7D8C3 /* Header.swift in Sources */ = {isa = PBXBuildFile; fileRef = 6287759B2CADEA5B00E7D8C3 /* Header.swift */; };
		6287759E2CADFABD00E7D8C3 /* TakeView.swift in Sources */ = {isa = PBXBuildFile; fileRef = 6287759D2CADFABD00E7D8C3 /* TakeView.swift */; };
		629FDA172CB0918800D74D15 /* GiveView.swift in Sources */ = {isa = PBXBuildFile; fileRef = 629FDA162CB0918800D74D15 /* GiveView.swift */; };
		62EB19CD2CBF42AA00D11FF5 /* GuessingViewModel.swift in Sources */ = {isa = PBXBuildFile; fileRef = 62EB19CC2CBF42AA00D11FF5 /* GuessingViewModel.swift */; };
		62EB19D02CBF42D500D11FF5 /* GameManager.swift in Sources */ = {isa = PBXBuildFile; fileRef = 62EB19CF2CBF42D500D11FF5 /* GameManager.swift */; };
		62EB19D22CBF983F00D11FF5 /* StandbyView.swift in Sources */ = {isa = PBXBuildFile; fileRef = 62EB19D12CBF983F00D11FF5 /* StandbyView.swift */; };
		62EB19D42CC327E900D11FF5 /* QuestionSelection.swift in Sources */ = {isa = PBXBuildFile; fileRef = 62EB19D32CC327E900D11FF5 /* QuestionSelection.swift */; };
		62EB19D62CC9645400D11FF5 /* GiveTakeSelectionView.swift in Sources */ = {isa = PBXBuildFile; fileRef = 62EB19D52CC9645400D11FF5 /* GiveTakeSelectionView.swift */; };
		62EB19DA2CD2E69D00D11FF5 /* Sticker.swift in Sources */ = {isa = PBXBuildFile; fileRef = 62EB19D92CD2E69D00D11FF5 /* Sticker.swift */; };
		62EB19DF2CD2E75100D11FF5 /* CardValue.swift in Sources */ = {isa = PBXBuildFile; fileRef = 62EB19DE2CD2E75100D11FF5 /* CardValue.swift */; };
		62EB19E12CD2E76500D11FF5 /* CardSuit.swift in Sources */ = {isa = PBXBuildFile; fileRef = 62EB19E02CD2E76500D11FF5 /* CardSuit.swift */; };
		62EB19E32CD2E77F00D11FF5 /* IconSelection.swift in Sources */ = {isa = PBXBuildFile; fileRef = 62EB19E22CD2E77F00D11FF5 /* IconSelection.swift */; };
		62EB19E52CD2E7A500D11FF5 /* ColorSelection.swift in Sources */ = {isa = PBXBuildFile; fileRef = 62EB19E42CD2E7A500D11FF5 /* ColorSelection.swift */; };
		62EB19E92CD2E8BD00D11FF5 /* Phase.swift in Sources */ = {isa = PBXBuildFile; fileRef = 62EB19E82CD2E8BD00D11FF5 /* Phase.swift */; };
		62EB19EB2CDD6F3800D11FF5 /* GiveTakeSelectionViewModel.swift in Sources */ = {isa = PBXBuildFile; fileRef = 62EB19EA2CDD6F3800D11FF5 /* GiveTakeSelectionViewModel.swift */; };
/* End PBXBuildFile section */

/* Begin PBXFileReference section */
		62307CA32C8C070500DCBADC /* FlipPartyGame.app */ = {isa = PBXFileReference; explicitFileType = wrapper.application; includeInIndex = 0; path = FlipPartyGame.app; sourceTree = BUILT_PRODUCTS_DIR; };
		62307CA62C8C070500DCBADC /* FlipPartyGameApp.swift */ = {isa = PBXFileReference; lastKnownFileType = sourcecode.swift; path = FlipPartyGameApp.swift; sourceTree = "<group>"; };
		62307CA82C8C070500DCBADC /* ContentView.swift */ = {isa = PBXFileReference; lastKnownFileType = sourcecode.swift; path = ContentView.swift; sourceTree = "<group>"; };
		62307CAA2C8C070600DCBADC /* Assets.xcassets */ = {isa = PBXFileReference; lastKnownFileType = folder.assetcatalog; path = Assets.xcassets; sourceTree = "<group>"; };
		62307CAD2C8C070600DCBADC /* Preview Assets.xcassets */ = {isa = PBXFileReference; lastKnownFileType = folder.assetcatalog; path = "Preview Assets.xcassets"; sourceTree = "<group>"; };
		62307CB52C8FD0D600DCBADC /* Card.swift */ = {isa = PBXFileReference; lastKnownFileType = sourcecode.swift; path = Card.swift; sourceTree = "<group>"; };
		62307CBC2C8FE29300DCBADC /* CardView.swift */ = {isa = PBXFileReference; lastKnownFileType = sourcecode.swift; path = CardView.swift; sourceTree = "<group>"; };
		62307CBF2C90283C00DCBADC /* FrontView.swift */ = {isa = PBXFileReference; lastKnownFileType = sourcecode.swift; path = FrontView.swift; sourceTree = "<group>"; };
		62307CC12C9028F500DCBADC /* MiniFrontView.swift */ = {isa = PBXFileReference; lastKnownFileType = sourcecode.swift; path = MiniFrontView.swift; sourceTree = "<group>"; };
		62307CC32C90293E00DCBADC /* BackView.swift */ = {isa = PBXFileReference; lastKnownFileType = sourcecode.swift; path = BackView.swift; sourceTree = "<group>"; };
		62307CC62C902A6800DCBADC /* View.swift */ = {isa = PBXFileReference; lastKnownFileType = sourcecode.swift; path = View.swift; sourceTree = "<group>"; };
		62307CC82C902AC700DCBADC /* Image.swift */ = {isa = PBXFileReference; lastKnownFileType = sourcecode.swift; path = Image.swift; sourceTree = "<group>"; };
		625604FC2CB9985500C66D64 /* GiveViewModel.swift */ = {isa = PBXFileReference; lastKnownFileType = sourcecode.swift; path = GiveViewModel.swift; sourceTree = "<group>"; };
		625604FF2CB9F84C00C66D64 /* CustomError.swift */ = {isa = PBXFileReference; lastKnownFileType = sourcecode.swift; path = CustomError.swift; sourceTree = "<group>"; };
		625605012CBF177D00C66D64 /* Question.swift */ = {isa = PBXFileReference; lastKnownFileType = sourcecode.swift; path = Question.swift; sourceTree = "<group>"; };
		628775852C90B63300E7D8C3 /* RoomIDTextField.swift */ = {isa = PBXFileReference; lastKnownFileType = sourcecode.swift; path = RoomIDTextField.swift; sourceTree = "<group>"; };
		6287758B2C98FE4100E7D8C3 /* ScrollingPicker.swift */ = {isa = PBXFileReference; lastKnownFileType = sourcecode.swift; path = ScrollingPicker.swift; sourceTree = "<group>"; };
		6287758D2C9A863B00E7D8C3 /* HomeView.swift */ = {isa = PBXFileReference; lastKnownFileType = sourcecode.swift; path = HomeView.swift; sourceTree = "<group>"; };
		6287758F2C9B580D00E7D8C3 /* JoinRoomView.swift */ = {isa = PBXFileReference; lastKnownFileType = sourcecode.swift; path = JoinRoomView.swift; sourceTree = "<group>"; };
		628775912C9B82AA00E7D8C3 /* JoinRoomViewModel.swift */ = {isa = PBXFileReference; lastKnownFileType = sourcecode.swift; path = JoinRoomViewModel.swift; sourceTree = "<group>"; };
		628775932C9B8F1B00E7D8C3 /* WaitingRoomView.swift */ = {isa = PBXFileReference; lastKnownFileType = sourcecode.swift; path = WaitingRoomView.swift; sourceTree = "<group>"; };
		628775952C9B949000E7D8C3 /* User.swift */ = {isa = PBXFileReference; lastKnownFileType = sourcecode.swift; path = User.swift; sourceTree = "<group>"; };
		628775972C9BC2A500E7D8C3 /* Button.swift */ = {isa = PBXFileReference; lastKnownFileType = sourcecode.swift; path = Button.swift; sourceTree = "<group>"; };
		628775992CABBB1C00E7D8C3 /* GuessingView.swift */ = {isa = PBXFileReference; lastKnownFileType = sourcecode.swift; path = GuessingView.swift; sourceTree = "<group>"; };
		6287759B2CADEA5B00E7D8C3 /* Header.swift */ = {isa = PBXFileReference; lastKnownFileType = sourcecode.swift; path = Header.swift; sourceTree = "<group>"; };
		6287759D2CADFABD00E7D8C3 /* TakeView.swift */ = {isa = PBXFileReference; lastKnownFileType = sourcecode.swift; path = TakeView.swift; sourceTree = "<group>"; };
		629FDA162CB0918800D74D15 /* GiveView.swift */ = {isa = PBXFileReference; lastKnownFileType = sourcecode.swift; path = GiveView.swift; sourceTree = "<group>"; };
		62EB19CC2CBF42AA00D11FF5 /* GuessingViewModel.swift */ = {isa = PBXFileReference; lastKnownFileType = sourcecode.swift; path = GuessingViewModel.swift; sourceTree = "<group>"; };
		62EB19CF2CBF42D500D11FF5 /* GameManager.swift */ = {isa = PBXFileReference; lastKnownFileType = sourcecode.swift; path = GameManager.swift; sourceTree = "<group>"; };
		62EB19D12CBF983F00D11FF5 /* StandbyView.swift */ = {isa = PBXFileReference; lastKnownFileType = sourcecode.swift; path = StandbyView.swift; sourceTree = "<group>"; };
		62EB19D32CC327E900D11FF5 /* QuestionSelection.swift */ = {isa = PBXFileReference; lastKnownFileType = sourcecode.swift; path = QuestionSelection.swift; sourceTree = "<group>"; };
		62EB19D52CC9645400D11FF5 /* GiveTakeSelectionView.swift */ = {isa = PBXFileReference; lastKnownFileType = sourcecode.swift; path = GiveTakeSelectionView.swift; sourceTree = "<group>"; };
		62EB19D92CD2E69D00D11FF5 /* Sticker.swift */ = {isa = PBXFileReference; lastKnownFileType = sourcecode.swift; path = Sticker.swift; sourceTree = "<group>"; };
		62EB19DE2CD2E75100D11FF5 /* CardValue.swift */ = {isa = PBXFileReference; lastKnownFileType = sourcecode.swift; path = CardValue.swift; sourceTree = "<group>"; };
		62EB19E02CD2E76500D11FF5 /* CardSuit.swift */ = {isa = PBXFileReference; lastKnownFileType = sourcecode.swift; path = CardSuit.swift; sourceTree = "<group>"; };
		62EB19E22CD2E77F00D11FF5 /* IconSelection.swift */ = {isa = PBXFileReference; lastKnownFileType = sourcecode.swift; path = IconSelection.swift; sourceTree = "<group>"; };
		62EB19E42CD2E7A500D11FF5 /* ColorSelection.swift */ = {isa = PBXFileReference; lastKnownFileType = sourcecode.swift; path = ColorSelection.swift; sourceTree = "<group>"; };
		62EB19E82CD2E8BD00D11FF5 /* Phase.swift */ = {isa = PBXFileReference; lastKnownFileType = sourcecode.swift; path = Phase.swift; sourceTree = "<group>"; };
		62EB19EA2CDD6F3800D11FF5 /* GiveTakeSelectionViewModel.swift */ = {isa = PBXFileReference; lastKnownFileType = sourcecode.swift; path = GiveTakeSelectionViewModel.swift; sourceTree = "<group>"; };
/* End PBXFileReference section */

/* Begin PBXFrameworksBuildPhase section */
		62307CA02C8C070500DCBADC /* Frameworks */ = {
			isa = PBXFrameworksBuildPhase;
			buildActionMask = 2147483647;
			files = (
			);
			runOnlyForDeploymentPostprocessing = 0;
		};
/* End PBXFrameworksBuildPhase section */

/* Begin PBXGroup section */
		62307C9A2C8C070500DCBADC = {
			isa = PBXGroup;
			children = (
				62307CA52C8C070500DCBADC /* FlipPartyGame */,
				62307CA42C8C070500DCBADC /* Products */,
			);
			sourceTree = "<group>";
		};
		62307CA42C8C070500DCBADC /* Products */ = {
			isa = PBXGroup;
			children = (
				62307CA32C8C070500DCBADC /* FlipPartyGame.app */,
			);
			name = Products;
			sourceTree = "<group>";
		};
		62307CA52C8C070500DCBADC /* FlipPartyGame */ = {
			isa = PBXGroup;
			children = (
				62307CA62C8C070500DCBADC /* FlipPartyGameApp.swift */,
				62307CB72C8FD51C00DCBADC /* Views */,
				62307CB92C8FD5AA00DCBADC /* SubViews */,
				62EB19CE2CBF42CC00D11FF5 /* Manager */,
				62307CB82C8FD52100DCBADC /* ViewModels */,
				62307CB42C8FD0C600DCBADC /* Models */,
				62307CC52C902A2400DCBADC /* Extensions */,
				62307CAA2C8C070600DCBADC /* Assets.xcassets */,
				62307CAC2C8C070600DCBADC /* Preview Content */,
			);
			path = FlipPartyGame;
			sourceTree = "<group>";
		};
		62307CAC2C8C070600DCBADC /* Preview Content */ = {
			isa = PBXGroup;
			children = (
				62307CAD2C8C070600DCBADC /* Preview Assets.xcassets */,
			);
			path = "Preview Content";
			sourceTree = "<group>";
		};
		62307CB42C8FD0C600DCBADC /* Models */ = {
			isa = PBXGroup;
			children = (
				62EB19DB2CD2E6D700D11FF5 /* Enums */,
				62307CB52C8FD0D600DCBADC /* Card.swift */,
				625604FF2CB9F84C00C66D64 /* CustomError.swift */,
				628775952C9B949000E7D8C3 /* User.swift */,
			);
			path = Models;
			sourceTree = "<group>";
		};
		62307CB72C8FD51C00DCBADC /* Views */ = {
			isa = PBXGroup;
			children = (
				62307CA82C8C070500DCBADC /* ContentView.swift */,
				6287758D2C9A863B00E7D8C3 /* HomeView.swift */,
				6287758F2C9B580D00E7D8C3 /* JoinRoomView.swift */,
				628775932C9B8F1B00E7D8C3 /* WaitingRoomView.swift */,
				62EB19D12CBF983F00D11FF5 /* StandbyView.swift */,
				628775992CABBB1C00E7D8C3 /* GuessingView.swift */,
				62EB19D52CC9645400D11FF5 /* GiveTakeSelectionView.swift */,
				6287759D2CADFABD00E7D8C3 /* TakeView.swift */,
				629FDA162CB0918800D74D15 /* GiveView.swift */,
			);
			path = Views;
			sourceTree = "<group>";
		};
		62307CB82C8FD52100DCBADC /* ViewModels */ = {
			isa = PBXGroup;
			children = (
				625604FC2CB9985500C66D64 /* GiveViewModel.swift */,
				628775912C9B82AA00E7D8C3 /* JoinRoomViewModel.swift */,
				62EB19CC2CBF42AA00D11FF5 /* GuessingViewModel.swift */,
				62EB19EA2CDD6F3800D11FF5 /* GiveTakeSelectionViewModel.swift */,
			);
			path = ViewModels;
			sourceTree = "<group>";
		};
		62307CB92C8FD5AA00DCBADC /* SubViews */ = {
			isa = PBXGroup;
			children = (
				62307CBE2C90277500DCBADC /* Card */,
				628775852C90B63300E7D8C3 /* RoomIDTextField.swift */,
				6287758B2C98FE4100E7D8C3 /* ScrollingPicker.swift */,
				6287759B2CADEA5B00E7D8C3 /* Header.swift */,
			);
			path = SubViews;
			sourceTree = "<group>";
		};
		62307CBE2C90277500DCBADC /* Card */ = {
			isa = PBXGroup;
			children = (
				62307CBC2C8FE29300DCBADC /* CardView.swift */,
				62307CBF2C90283C00DCBADC /* FrontView.swift */,
				62307CC12C9028F500DCBADC /* MiniFrontView.swift */,
				62307CC32C90293E00DCBADC /* BackView.swift */,
			);
			path = Card;
			sourceTree = "<group>";
		};
		62307CC52C902A2400DCBADC /* Extensions */ = {
			isa = PBXGroup;
			children = (
				62307CC62C902A6800DCBADC /* View.swift */,
				62307CC82C902AC700DCBADC /* Image.swift */,
				628775972C9BC2A500E7D8C3 /* Button.swift */,
			);
			path = Extensions;
			sourceTree = "<group>";
		};
		62EB19CE2CBF42CC00D11FF5 /* Manager */ = {
			isa = PBXGroup;
			children = (
				62EB19CF2CBF42D500D11FF5 /* GameManager.swift */,
			);
			path = Manager;
			sourceTree = "<group>";
		};
		62EB19DB2CD2E6D700D11FF5 /* Enums */ = {
			isa = PBXGroup;
			children = (
				62EB19E72CD2E7C500D11FF5 /* User */,
				62EB19E62CD2E7B200D11FF5 /* Cards */,
				62EB19D92CD2E69D00D11FF5 /* Sticker.swift */,
				62EB19D32CC327E900D11FF5 /* QuestionSelection.swift */,
				625605012CBF177D00C66D64 /* Question.swift */,
				62EB19E82CD2E8BD00D11FF5 /* Phase.swift */,
			);
			path = Enums;
			sourceTree = "<group>";
		};
		62EB19E62CD2E7B200D11FF5 /* Cards */ = {
			isa = PBXGroup;
			children = (
				62EB19E02CD2E76500D11FF5 /* CardSuit.swift */,
				62EB19DE2CD2E75100D11FF5 /* CardValue.swift */,
			);
			path = Cards;
			sourceTree = "<group>";
		};
		62EB19E72CD2E7C500D11FF5 /* User */ = {
			isa = PBXGroup;
			children = (
				62EB19E42CD2E7A500D11FF5 /* ColorSelection.swift */,
				62EB19E22CD2E77F00D11FF5 /* IconSelection.swift */,
			);
			path = User;
			sourceTree = "<group>";
		};
/* End PBXGroup section */

/* Begin PBXNativeTarget section */
		62307CA22C8C070500DCBADC /* FlipPartyGame */ = {
			isa = PBXNativeTarget;
			buildConfigurationList = 62307CB12C8C070600DCBADC /* Build configuration list for PBXNativeTarget "FlipPartyGame" */;
			buildPhases = (
				62307C9F2C8C070500DCBADC /* Sources */,
				62307CA02C8C070500DCBADC /* Frameworks */,
				62307CA12C8C070500DCBADC /* Resources */,
			);
			buildRules = (
			);
			dependencies = (
			);
			name = FlipPartyGame;
			productName = DrinkingBuddies;
			productReference = 62307CA32C8C070500DCBADC /* FlipPartyGame.app */;
			productType = "com.apple.product-type.application";
		};
/* End PBXNativeTarget section */

/* Begin PBXProject section */
		62307C9B2C8C070500DCBADC /* Project object */ = {
			isa = PBXProject;
			attributes = {
				BuildIndependentTargetsInParallel = 1;
				LastSwiftUpdateCheck = 1540;
				LastUpgradeCheck = 1540;
				TargetAttributes = {
					62307CA22C8C070500DCBADC = {
						CreatedOnToolsVersion = 15.4;
					};
				};
			};
			buildConfigurationList = 62307C9E2C8C070500DCBADC /* Build configuration list for PBXProject "FlipPartyGame" */;
			compatibilityVersion = "Xcode 14.0";
			developmentRegion = en;
			hasScannedForEncodings = 0;
			knownRegions = (
				en,
				Base,
			);
			mainGroup = 62307C9A2C8C070500DCBADC;
			productRefGroup = 62307CA42C8C070500DCBADC /* Products */;
			projectDirPath = "";
			projectRoot = "";
			targets = (
				62307CA22C8C070500DCBADC /* FlipPartyGame */,
			);
		};
/* End PBXProject section */

/* Begin PBXResourcesBuildPhase section */
		62307CA12C8C070500DCBADC /* Resources */ = {
			isa = PBXResourcesBuildPhase;
			buildActionMask = 2147483647;
			files = (
				62307CAE2C8C070600DCBADC /* Preview Assets.xcassets in Resources */,
				62307CAB2C8C070600DCBADC /* Assets.xcassets in Resources */,
			);
			runOnlyForDeploymentPostprocessing = 0;
		};
/* End PBXResourcesBuildPhase section */

/* Begin PBXSourcesBuildPhase section */
		62307C9F2C8C070500DCBADC /* Sources */ = {
			isa = PBXSourcesBuildPhase;
			buildActionMask = 2147483647;
			files = (
				625605002CB9F84C00C66D64 /* CustomError.swift in Sources */,
				62EB19DF2CD2E75100D11FF5 /* CardValue.swift in Sources */,
				62EB19E92CD2E8BD00D11FF5 /* Phase.swift in Sources */,
				62EB19D22CBF983F00D11FF5 /* StandbyView.swift in Sources */,
				62EB19D62CC9645400D11FF5 /* GiveTakeSelectionView.swift in Sources */,
				6287759C2CADEA5B00E7D8C3 /* Header.swift in Sources */,
				628775942C9B8F1B00E7D8C3 /* WaitingRoomView.swift in Sources */,
				62307CC72C902A6800DCBADC /* View.swift in Sources */,
				62307CC92C902AC700DCBADC /* Image.swift in Sources */,
				62EB19E12CD2E76500D11FF5 /* CardSuit.swift in Sources */,
				625605022CBF177D00C66D64 /* Question.swift in Sources */,
				628775902C9B580D00E7D8C3 /* JoinRoomView.swift in Sources */,
				62EB19D42CC327E900D11FF5 /* QuestionSelection.swift in Sources */,
				62EB19E32CD2E77F00D11FF5 /* IconSelection.swift in Sources */,
				6287759A2CABBB1C00E7D8C3 /* GuessingView.swift in Sources */,
				628775962C9B949000E7D8C3 /* User.swift in Sources */,
				628775922C9B82AA00E7D8C3 /* JoinRoomViewModel.swift in Sources */,
				629FDA172CB0918800D74D15 /* GiveView.swift in Sources */,
				62307CC02C90283C00DCBADC /* FrontView.swift in Sources */,
				628775862C90B63300E7D8C3 /* RoomIDTextField.swift in Sources */,
				62307CA92C8C070500DCBADC /* ContentView.swift in Sources */,
				62307CB62C8FD0D600DCBADC /* Card.swift in Sources */,
				62307CC22C9028F500DCBADC /* MiniFrontView.swift in Sources */,
				62EB19DA2CD2E69D00D11FF5 /* Sticker.swift in Sources */,
				6287759E2CADFABD00E7D8C3 /* TakeView.swift in Sources */,
				625604FD2CB9985500C66D64 /* GiveViewModel.swift in Sources */,
				6287758C2C98FE4100E7D8C3 /* ScrollingPicker.swift in Sources */,
				62EB19E52CD2E7A500D11FF5 /* ColorSelection.swift in Sources */,
				62EB19CD2CBF42AA00D11FF5 /* GuessingViewModel.swift in Sources */,
				62307CBD2C8FE29300DCBADC /* CardView.swift in Sources */,
				6287758E2C9A863B00E7D8C3 /* HomeView.swift in Sources */,
				62307CA72C8C070500DCBADC /* FlipPartyGameApp.swift in Sources */,
				62307CC42C90293E00DCBADC /* BackView.swift in Sources */,
				628775982C9BC2A500E7D8C3 /* Button.swift in Sources */,
				62EB19EB2CDD6F3800D11FF5 /* GiveTakeSelectionViewModel.swift in Sources */,
				62EB19D02CBF42D500D11FF5 /* GameManager.swift in Sources */,
			);
			runOnlyForDeploymentPostprocessing = 0;
		};
/* End PBXSourcesBuildPhase section */

/* Begin XCBuildConfiguration section */
		62307CAF2C8C070600DCBADC /* Debug */ = {
			isa = XCBuildConfiguration;
			buildSettings = {
				ALWAYS_SEARCH_USER_PATHS = NO;
				ASSETCATALOG_COMPILER_GENERATE_SWIFT_ASSET_SYMBOL_EXTENSIONS = YES;
				CLANG_ANALYZER_NONNULL = YES;
				CLANG_ANALYZER_NUMBER_OBJECT_CONVERSION = YES_AGGRESSIVE;
				CLANG_CXX_LANGUAGE_STANDARD = "gnu++20";
				CLANG_ENABLE_MODULES = YES;
				CLANG_ENABLE_OBJC_ARC = YES;
				CLANG_ENABLE_OBJC_WEAK = YES;
				CLANG_WARN_BLOCK_CAPTURE_AUTORELEASING = YES;
				CLANG_WARN_BOOL_CONVERSION = YES;
				CLANG_WARN_COMMA = YES;
				CLANG_WARN_CONSTANT_CONVERSION = YES;
				CLANG_WARN_DEPRECATED_OBJC_IMPLEMENTATIONS = YES;
				CLANG_WARN_DIRECT_OBJC_ISA_USAGE = YES_ERROR;
				CLANG_WARN_DOCUMENTATION_COMMENTS = YES;
				CLANG_WARN_EMPTY_BODY = YES;
				CLANG_WARN_ENUM_CONVERSION = YES;
				CLANG_WARN_INFINITE_RECURSION = YES;
				CLANG_WARN_INT_CONVERSION = YES;
				CLANG_WARN_NON_LITERAL_NULL_CONVERSION = YES;
				CLANG_WARN_OBJC_IMPLICIT_RETAIN_SELF = YES;
				CLANG_WARN_OBJC_LITERAL_CONVERSION = YES;
				CLANG_WARN_OBJC_ROOT_CLASS = YES_ERROR;
				CLANG_WARN_QUOTED_INCLUDE_IN_FRAMEWORK_HEADER = YES;
				CLANG_WARN_RANGE_LOOP_ANALYSIS = YES;
				CLANG_WARN_STRICT_PROTOTYPES = YES;
				CLANG_WARN_SUSPICIOUS_MOVE = YES;
				CLANG_WARN_UNGUARDED_AVAILABILITY = YES_AGGRESSIVE;
				CLANG_WARN_UNREACHABLE_CODE = YES;
				CLANG_WARN__DUPLICATE_METHOD_MATCH = YES;
				COPY_PHASE_STRIP = NO;
				DEBUG_INFORMATION_FORMAT = dwarf;
				ENABLE_STRICT_OBJC_MSGSEND = YES;
				ENABLE_TESTABILITY = YES;
				ENABLE_USER_SCRIPT_SANDBOXING = YES;
				GCC_C_LANGUAGE_STANDARD = gnu17;
				GCC_DYNAMIC_NO_PIC = NO;
				GCC_NO_COMMON_BLOCKS = YES;
				GCC_OPTIMIZATION_LEVEL = 0;
				GCC_PREPROCESSOR_DEFINITIONS = (
					"DEBUG=1",
					"$(inherited)",
				);
				GCC_WARN_64_TO_32_BIT_CONVERSION = YES;
				GCC_WARN_ABOUT_RETURN_TYPE = YES_ERROR;
				GCC_WARN_UNDECLARED_SELECTOR = YES;
				GCC_WARN_UNINITIALIZED_AUTOS = YES_AGGRESSIVE;
				GCC_WARN_UNUSED_FUNCTION = YES;
				GCC_WARN_UNUSED_VARIABLE = YES;
				IPHONEOS_DEPLOYMENT_TARGET = 17.5;
				LOCALIZATION_PREFERS_STRING_CATALOGS = YES;
				MTL_ENABLE_DEBUG_INFO = INCLUDE_SOURCE;
				MTL_FAST_MATH = YES;
				ONLY_ACTIVE_ARCH = YES;
				SDKROOT = iphoneos;
				SWIFT_ACTIVE_COMPILATION_CONDITIONS = "DEBUG $(inherited)";
				SWIFT_OPTIMIZATION_LEVEL = "-Onone";
			};
			name = Debug;
		};
		62307CB02C8C070600DCBADC /* Release */ = {
			isa = XCBuildConfiguration;
			buildSettings = {
				ALWAYS_SEARCH_USER_PATHS = NO;
				ASSETCATALOG_COMPILER_GENERATE_SWIFT_ASSET_SYMBOL_EXTENSIONS = YES;
				CLANG_ANALYZER_NONNULL = YES;
				CLANG_ANALYZER_NUMBER_OBJECT_CONVERSION = YES_AGGRESSIVE;
				CLANG_CXX_LANGUAGE_STANDARD = "gnu++20";
				CLANG_ENABLE_MODULES = YES;
				CLANG_ENABLE_OBJC_ARC = YES;
				CLANG_ENABLE_OBJC_WEAK = YES;
				CLANG_WARN_BLOCK_CAPTURE_AUTORELEASING = YES;
				CLANG_WARN_BOOL_CONVERSION = YES;
				CLANG_WARN_COMMA = YES;
				CLANG_WARN_CONSTANT_CONVERSION = YES;
				CLANG_WARN_DEPRECATED_OBJC_IMPLEMENTATIONS = YES;
				CLANG_WARN_DIRECT_OBJC_ISA_USAGE = YES_ERROR;
				CLANG_WARN_DOCUMENTATION_COMMENTS = YES;
				CLANG_WARN_EMPTY_BODY = YES;
				CLANG_WARN_ENUM_CONVERSION = YES;
				CLANG_WARN_INFINITE_RECURSION = YES;
				CLANG_WARN_INT_CONVERSION = YES;
				CLANG_WARN_NON_LITERAL_NULL_CONVERSION = YES;
				CLANG_WARN_OBJC_IMPLICIT_RETAIN_SELF = YES;
				CLANG_WARN_OBJC_LITERAL_CONVERSION = YES;
				CLANG_WARN_OBJC_ROOT_CLASS = YES_ERROR;
				CLANG_WARN_QUOTED_INCLUDE_IN_FRAMEWORK_HEADER = YES;
				CLANG_WARN_RANGE_LOOP_ANALYSIS = YES;
				CLANG_WARN_STRICT_PROTOTYPES = YES;
				CLANG_WARN_SUSPICIOUS_MOVE = YES;
				CLANG_WARN_UNGUARDED_AVAILABILITY = YES_AGGRESSIVE;
				CLANG_WARN_UNREACHABLE_CODE = YES;
				CLANG_WARN__DUPLICATE_METHOD_MATCH = YES;
				COPY_PHASE_STRIP = NO;
				DEBUG_INFORMATION_FORMAT = "dwarf-with-dsym";
				ENABLE_NS_ASSERTIONS = NO;
				ENABLE_STRICT_OBJC_MSGSEND = YES;
				ENABLE_USER_SCRIPT_SANDBOXING = YES;
				GCC_C_LANGUAGE_STANDARD = gnu17;
				GCC_NO_COMMON_BLOCKS = YES;
				GCC_WARN_64_TO_32_BIT_CONVERSION = YES;
				GCC_WARN_ABOUT_RETURN_TYPE = YES_ERROR;
				GCC_WARN_UNDECLARED_SELECTOR = YES;
				GCC_WARN_UNINITIALIZED_AUTOS = YES_AGGRESSIVE;
				GCC_WARN_UNUSED_FUNCTION = YES;
				GCC_WARN_UNUSED_VARIABLE = YES;
				IPHONEOS_DEPLOYMENT_TARGET = 17.5;
				LOCALIZATION_PREFERS_STRING_CATALOGS = YES;
				MTL_ENABLE_DEBUG_INFO = NO;
				MTL_FAST_MATH = YES;
				SDKROOT = iphoneos;
				SWIFT_COMPILATION_MODE = wholemodule;
				VALIDATE_PRODUCT = YES;
			};
			name = Release;
		};
		62307CB22C8C070600DCBADC /* Debug */ = {
			isa = XCBuildConfiguration;
			buildSettings = {
				ASSETCATALOG_COMPILER_APPICON_NAME = AppIcon;
				ASSETCATALOG_COMPILER_GLOBAL_ACCENT_COLOR_NAME = AccentColor;
				CODE_SIGN_STYLE = Automatic;
				CURRENT_PROJECT_VERSION = 1;
				DEVELOPMENT_ASSET_PATHS = "\"FlipPartyGame/Preview Content\"";
				DEVELOPMENT_TEAM = 49HBQH4LWP;
				ENABLE_PREVIEWS = YES;
				GENERATE_INFOPLIST_FILE = YES;
				INFOPLIST_KEY_UIApplicationSceneManifest_Generation = YES;
				INFOPLIST_KEY_UIApplicationSupportsIndirectInputEvents = YES;
				INFOPLIST_KEY_UILaunchScreen_Generation = YES;
				INFOPLIST_KEY_UISupportedInterfaceOrientations_iPad = "UIInterfaceOrientationPortrait UIInterfaceOrientationPortraitUpsideDown UIInterfaceOrientationLandscapeLeft UIInterfaceOrientationLandscapeRight";
				INFOPLIST_KEY_UISupportedInterfaceOrientations_iPhone = "UIInterfaceOrientationPortrait UIInterfaceOrientationLandscapeLeft UIInterfaceOrientationLandscapeRight";
				LD_RUNPATH_SEARCH_PATHS = (
					"$(inherited)",
					"@executable_path/Frameworks",
				);
				MARKETING_VERSION = 1.0;
				PRODUCT_BUNDLE_IDENTIFIER = com.JeremyManlangit.FlipPartyGame;
				PRODUCT_NAME = "$(TARGET_NAME)";
				SWIFT_EMIT_LOC_STRINGS = YES;
				SWIFT_VERSION = 5.0;
				TARGETED_DEVICE_FAMILY = "1,2";
			};
			name = Debug;
		};
		62307CB32C8C070600DCBADC /* Release */ = {
			isa = XCBuildConfiguration;
			buildSettings = {
				ASSETCATALOG_COMPILER_APPICON_NAME = AppIcon;
				ASSETCATALOG_COMPILER_GLOBAL_ACCENT_COLOR_NAME = AccentColor;
				CODE_SIGN_STYLE = Automatic;
				CURRENT_PROJECT_VERSION = 1;
				DEVELOPMENT_ASSET_PATHS = "\"FlipPartyGame/Preview Content\"";
				DEVELOPMENT_TEAM = 49HBQH4LWP;
				ENABLE_PREVIEWS = YES;
				GENERATE_INFOPLIST_FILE = YES;
				INFOPLIST_KEY_UIApplicationSceneManifest_Generation = YES;
				INFOPLIST_KEY_UIApplicationSupportsIndirectInputEvents = YES;
				INFOPLIST_KEY_UILaunchScreen_Generation = YES;
				INFOPLIST_KEY_UISupportedInterfaceOrientations_iPad = "UIInterfaceOrientationPortrait UIInterfaceOrientationPortraitUpsideDown UIInterfaceOrientationLandscapeLeft UIInterfaceOrientationLandscapeRight";
				INFOPLIST_KEY_UISupportedInterfaceOrientations_iPhone = "UIInterfaceOrientationPortrait UIInterfaceOrientationLandscapeLeft UIInterfaceOrientationLandscapeRight";
				LD_RUNPATH_SEARCH_PATHS = (
					"$(inherited)",
					"@executable_path/Frameworks",
				);
				MARKETING_VERSION = 1.0;
				PRODUCT_BUNDLE_IDENTIFIER = com.JeremyManlangit.FlipPartyGame;
				PRODUCT_NAME = "$(TARGET_NAME)";
				SWIFT_EMIT_LOC_STRINGS = YES;
				SWIFT_VERSION = 5.0;
				TARGETED_DEVICE_FAMILY = "1,2";
			};
			name = Release;
		};
/* End XCBuildConfiguration section */

/* Begin XCConfigurationList section */
		62307C9E2C8C070500DCBADC /* Build configuration list for PBXProject "FlipPartyGame" */ = {
			isa = XCConfigurationList;
			buildConfigurations = (
				62307CAF2C8C070600DCBADC /* Debug */,
				62307CB02C8C070600DCBADC /* Release */,
			);
			defaultConfigurationIsVisible = 0;
			defaultConfigurationName = Release;
		};
		62307CB12C8C070600DCBADC /* Build configuration list for PBXNativeTarget "FlipPartyGame" */ = {
			isa = XCConfigurationList;
			buildConfigurations = (
				62307CB22C8C070600DCBADC /* Debug */,
				62307CB32C8C070600DCBADC /* Release */,
			);
			defaultConfigurationIsVisible = 0;
			defaultConfigurationName = Release;
		};
/* End XCConfigurationList section */
	};
	rootObject = 62307C9B2C8C070500DCBADC /* Project object */;
}
